
Microsoft Visual Studio Solution File, Format Version 12.00
# Visual Studio Version 17
VisualStudioVersion = 17.4.33213.308
MinimumVisualStudioVersion = 10.0.40219.1
Project("{FAE04EC0-301F-11D3-BF4B-00C04F79EFBC}") = "IhtiyacListesi", "GuvenlıBolgeler\IhtiyacListesi.csproj", "{D65EF76F-16CC-4C08-826C-60F90FE8F29E}"
EndProject
Project("{FAE04EC0-301F-11D3-BF4B-00C04F79EFBC}") = "Data", "Data\Data.csproj", "{8C881697-E8BD-413E-B8A7-782D17E9D571}"
EndProject
Project("{FAE04EC0-301F-11D3-BF4B-00C04F79EFBC}") = "Entity", "Entity\Entity.csproj", "{29FC830D-0270-424E-AC23-3930D8487ED5}"
EndProject
Global
	GlobalSection(SolutionConfigurationPlatforms) = preSolution
		Debug|Any CPU = Debug|Any CPU
		Release|Any CPU = Release|Any CPU
	EndGlobalSection
	GlobalSection(ProjectConfigurationPlatforms) = postSolution
		{D65EF76F-16CC-4C08-826C-60F90FE8F29E}.Debug|Any CPU.ActiveCfg = Debug|Any CPU
		{D65EF76F-16CC-4C08-826C-60F90FE8F29E}.Debug|Any CPU.Build.0 = Debug|Any CPU
		{D65EF76F-16CC-4C08-826C-60F90FE8F29E}.Release|Any CPU.ActiveCfg = Release|Any CPU
		{D65EF76F-16CC-4C08-826C-60F90FE8F29E}.Release|Any CPU.Build.0 = Release|Any CPU
		{8C881697-E8BD-413E-B8A7-782D17E9D571}.Debug|Any CPU.ActiveCfg = Debug|Any CPU
		{8C881697-E8BD-413E-B8A7-782D17E9D571}.Debug|Any CPU.Build.0 = Debug|Any CPU
		{8C881697-E8BD-413E-B8A7-782D17E9D571}.Release|Any CPU.ActiveCfg = Release|Any CPU
		{8C881697-E8BD-413E-B8A7-782D17E9D571}.Release|Any CPU.Build.0 = Release|Any CPU
		{29FC830D-0270-424E-AC23-3930D8487ED5}.Debug|Any CPU.ActiveCfg = Debug|Any CPU
		{29FC830D-0270-424E-AC23-3930D8487ED5}.Debug|Any CPU.Build.0 = Debug|Any CPU
		{29FC830D-0270-424E-AC23-3930D8487ED5}.Release|Any CPU.ActiveCfg = Release|Any CPU
		{29FC830D-0270-424E-AC23-3930D8487ED5}.Release|Any CPU.Build.0 = Release|Any CPU
	EndGlobalSection
	GlobalSection(SolutionProperties) = preSolution
		HideSolutionNode = FALSE
	EndGlobalSection
	GlobalSection(ExtensibilityGlobals) = postSolution
		SolutionGuid = {53104453-130F-42E9-A3F8-E24B7B837E90}
	EndGlobalSection
EndGlobal
